
Microsoft Visual Studio Solution File, Format Version 12.00
# Visual Studio Version 17
VisualStudioVersion = 17.5.33516.290
MinimumVisualStudioVersion = 10.0.40219.1
Project("{FAE04EC0-301F-11D3-BF4B-00C04F79EFBC}") = "string2", "string2\string2.csproj", "{2CFF0337-57EF-4D5F-8CF9-1D9E1B0D49DE}"
EndProject
Global
	GlobalSection(SolutionConfigurationPlatforms) = preSolution
		Debug|Any CPU = Debug|Any CPU
		Release|Any CPU = Release|Any CPU
	EndGlobalSection
	GlobalSection(ProjectConfigurationPlatforms) = postSolution
		{2CFF0337-57EF-4D5F-8CF9-1D9E1B0D49DE}.Debug|Any CPU.ActiveCfg = Debug|Any CPU
		{2CFF0337-57EF-4D5F-8CF9-1D9E1B0D49DE}.Debug|Any CPU.Build.0 = Debug|Any CPU
		{2CFF0337-57EF-4D5F-8CF9-1D9E1B0D49DE}.Release|Any CPU.ActiveCfg = Release|Any CPU
		{2CFF0337-57EF-4D5F-8CF9-1D9E1B0D49DE}.Release|Any CPU.Build.0 = Release|Any CPU
	EndGlobalSection
	GlobalSection(SolutionProperties) = preSolution
		HideSolutionNode = FALSE
	EndGlobalSection
	GlobalSection(ExtensibilityGlobals) = postSolution
		SolutionGuid = {AE714575-D30A-4E05-BFC9-ED035D3615F2}
	EndGlobalSection
EndGlobal
