
Microsoft Visual Studio Solution File, Format Version 12.00
# Visual Studio Version 17
VisualStudioVersion = 17.5.33516.290
MinimumVisualStudioVersion = 10.0.40219.1
Project("{FAE04EC0-301F-11D3-BF4B-00C04F79EFBC}") = "if", "if\if.csproj", "{1822C8F0-7201-445A-99C6-242C400E6FAF}"
EndProject
Global
	GlobalSection(SolutionConfigurationPlatforms) = preSolution
		Debug|Any CPU = Debug|Any CPU
		Release|Any CPU = Release|Any CPU
	EndGlobalSection
	GlobalSection(ProjectConfigurationPlatforms) = postSolution
		{1822C8F0-7201-445A-99C6-242C400E6FAF}.Debug|Any CPU.ActiveCfg = Debug|Any CPU
		{1822C8F0-7201-445A-99C6-242C400E6FAF}.Debug|Any CPU.Build.0 = Debug|Any CPU
		{1822C8F0-7201-445A-99C6-242C400E6FAF}.Release|Any CPU.ActiveCfg = Release|Any CPU
		{1822C8F0-7201-445A-99C6-242C400E6FAF}.Release|Any CPU.Build.0 = Release|Any CPU
	EndGlobalSection
	GlobalSection(SolutionProperties) = preSolution
		HideSolutionNode = FALSE
	EndGlobalSection
	GlobalSection(ExtensibilityGlobals) = postSolution
		SolutionGuid = {59229965-2C9E-48E8-AB55-FBD6760861E5}
	EndGlobalSection
EndGlobal
