
Microsoft Visual Studio Solution File, Format Version 12.00
# Visual Studio Version 17
VisualStudioVersion = 17.5.33516.290
MinimumVisualStudioVersion = 10.0.40219.1
Project("{FAE04EC0-301F-11D3-BF4B-00C04F79EFBC}") = "sort", "sort\sort.csproj", "{F47685C2-6378-4578-9F1B-654BA9C61C87}"
EndProject
Global
	GlobalSection(SolutionConfigurationPlatforms) = preSolution
		Debug|Any CPU = Debug|Any CPU
		Release|Any CPU = Release|Any CPU
	EndGlobalSection
	GlobalSection(ProjectConfigurationPlatforms) = postSolution
		{F47685C2-6378-4578-9F1B-654BA9C61C87}.Debug|Any CPU.ActiveCfg = Debug|Any CPU
		{F47685C2-6378-4578-9F1B-654BA9C61C87}.Debug|Any CPU.Build.0 = Debug|Any CPU
		{F47685C2-6378-4578-9F1B-654BA9C61C87}.Release|Any CPU.ActiveCfg = Release|Any CPU
		{F47685C2-6378-4578-9F1B-654BA9C61C87}.Release|Any CPU.Build.0 = Release|Any CPU
	EndGlobalSection
	GlobalSection(SolutionProperties) = preSolution
		HideSolutionNode = FALSE
	EndGlobalSection
	GlobalSection(ExtensibilityGlobals) = postSolution
		SolutionGuid = {9AE26193-F0B0-45F4-9B40-A254EAD6CBCA}
	EndGlobalSection
EndGlobal
