
Microsoft Visual Studio Solution File, Format Version 12.00
# Visual Studio Version 17
VisualStudioVersion = 17.5.33516.290
MinimumVisualStudioVersion = 10.0.40219.1
Project("{FAE04EC0-301F-11D3-BF4B-00C04F79EFBC}") = "DemoNunit", "DemoNunit\DemoNunit.csproj", "{0A98AA24-503E-400E-A3C2-C65FDD985D70}"
EndProject
Project("{FAE04EC0-301F-11D3-BF4B-00C04F79EFBC}") = "DemoProjectTest", "DemoProjectTest\DemoProjectTest.csproj", "{3367641D-62A8-4D76-AA7B-EA13C91C457C}"
EndProject
Global
	GlobalSection(SolutionConfigurationPlatforms) = preSolution
		Debug|Any CPU = Debug|Any CPU
		Release|Any CPU = Release|Any CPU
	EndGlobalSection
	GlobalSection(ProjectConfigurationPlatforms) = postSolution
		{0A98AA24-503E-400E-A3C2-C65FDD985D70}.Debug|Any CPU.ActiveCfg = Debug|Any CPU
		{0A98AA24-503E-400E-A3C2-C65FDD985D70}.Debug|Any CPU.Build.0 = Debug|Any CPU
		{0A98AA24-503E-400E-A3C2-C65FDD985D70}.Release|Any CPU.ActiveCfg = Release|Any CPU
		{0A98AA24-503E-400E-A3C2-C65FDD985D70}.Release|Any CPU.Build.0 = Release|Any CPU
		{3367641D-62A8-4D76-AA7B-EA13C91C457C}.Debug|Any CPU.ActiveCfg = Debug|Any CPU
		{3367641D-62A8-4D76-AA7B-EA13C91C457C}.Debug|Any CPU.Build.0 = Debug|Any CPU
		{3367641D-62A8-4D76-AA7B-EA13C91C457C}.Release|Any CPU.ActiveCfg = Release|Any CPU
		{3367641D-62A8-4D76-AA7B-EA13C91C457C}.Release|Any CPU.Build.0 = Release|Any CPU
	EndGlobalSection
	GlobalSection(SolutionProperties) = preSolution
		HideSolutionNode = FALSE
	EndGlobalSection
	GlobalSection(ExtensibilityGlobals) = postSolution
		SolutionGuid = {A539D5DD-2313-4ABF-98B8-77C75C752871}
	EndGlobalSection
EndGlobal
