
Microsoft Visual Studio Solution File, Format Version 12.00
# Visual Studio Version 17
VisualStudioVersion = 17.5.33516.290
MinimumVisualStudioVersion = 10.0.40219.1
Project("{FAE04EC0-301F-11D3-BF4B-00C04F79EFBC}") = "sort", "sort\sort.csproj", "{D9098E06-0074-4255-A7D1-F084DB46C0DC}"
EndProject
Global
	GlobalSection(SolutionConfigurationPlatforms) = preSolution
		Debug|Any CPU = Debug|Any CPU
		Release|Any CPU = Release|Any CPU
	EndGlobalSection
	GlobalSection(ProjectConfigurationPlatforms) = postSolution
		{D9098E06-0074-4255-A7D1-F084DB46C0DC}.Debug|Any CPU.ActiveCfg = Debug|Any CPU
		{D9098E06-0074-4255-A7D1-F084DB46C0DC}.Debug|Any CPU.Build.0 = Debug|Any CPU
		{D9098E06-0074-4255-A7D1-F084DB46C0DC}.Release|Any CPU.ActiveCfg = Release|Any CPU
		{D9098E06-0074-4255-A7D1-F084DB46C0DC}.Release|Any CPU.Build.0 = Release|Any CPU
	EndGlobalSection
	GlobalSection(SolutionProperties) = preSolution
		HideSolutionNode = FALSE
	EndGlobalSection
	GlobalSection(ExtensibilityGlobals) = postSolution
		SolutionGuid = {5CA9F78A-B4DA-4DF8-8878-DECFEAD3F5E7}
	EndGlobalSection
EndGlobal
