
Microsoft Visual Studio Solution File, Format Version 12.00
# Visual Studio Version 17
VisualStudioVersion = 17.5.33516.290
MinimumVisualStudioVersion = 10.0.40219.1
Project("{FAE04EC0-301F-11D3-BF4B-00C04F79EFBC}") = "MangoInfo", "MangoInfo\MangoInfo.csproj", "{1840537A-2DE3-4608-A161-4CBBE6586F78}"
EndProject
Global
	GlobalSection(SolutionConfigurationPlatforms) = preSolution
		Debug|Any CPU = Debug|Any CPU
		Release|Any CPU = Release|Any CPU
	EndGlobalSection
	GlobalSection(ProjectConfigurationPlatforms) = postSolution
		{1840537A-2DE3-4608-A161-4CBBE6586F78}.Debug|Any CPU.ActiveCfg = Debug|Any CPU
		{1840537A-2DE3-4608-A161-4CBBE6586F78}.Debug|Any CPU.Build.0 = Debug|Any CPU
		{1840537A-2DE3-4608-A161-4CBBE6586F78}.Release|Any CPU.ActiveCfg = Release|Any CPU
		{1840537A-2DE3-4608-A161-4CBBE6586F78}.Release|Any CPU.Build.0 = Release|Any CPU
	EndGlobalSection
	GlobalSection(SolutionProperties) = preSolution
		HideSolutionNode = FALSE
	EndGlobalSection
	GlobalSection(ExtensibilityGlobals) = postSolution
		SolutionGuid = {F8A2D529-AAFB-4065-8EF9-2F1FC084DAD7}
	EndGlobalSection
EndGlobal
