
Microsoft Visual Studio Solution File, Format Version 12.00
# Visual Studio Version 17
VisualStudioVersion = 17.5.33516.290
MinimumVisualStudioVersion = 10.0.40219.1
Project("{FAE04EC0-301F-11D3-BF4B-00C04F79EFBC}") = "BMUnitTest", "BMUnitTest\BMUnitTest.csproj", "{6A49AEA2-A3F5-400D-90C8-E71DB050212F}"
EndProject
Project("{FAE04EC0-301F-11D3-BF4B-00C04F79EFBC}") = "UnitTestDemo", "UnitTestDemo\UnitTestDemo.csproj", "{1D025848-ADF7-46F2-B0FC-5DCFA9BB712C}"
EndProject
Global
	GlobalSection(SolutionConfigurationPlatforms) = preSolution
		Debug|Any CPU = Debug|Any CPU
		Release|Any CPU = Release|Any CPU
	EndGlobalSection
	GlobalSection(ProjectConfigurationPlatforms) = postSolution
		{6A49AEA2-A3F5-400D-90C8-E71DB050212F}.Debug|Any CPU.ActiveCfg = Debug|Any CPU
		{6A49AEA2-A3F5-400D-90C8-E71DB050212F}.Debug|Any CPU.Build.0 = Debug|Any CPU
		{6A49AEA2-A3F5-400D-90C8-E71DB050212F}.Release|Any CPU.ActiveCfg = Release|Any CPU
		{6A49AEA2-A3F5-400D-90C8-E71DB050212F}.Release|Any CPU.Build.0 = Release|Any CPU
		{1D025848-ADF7-46F2-B0FC-5DCFA9BB712C}.Debug|Any CPU.ActiveCfg = Debug|Any CPU
		{1D025848-ADF7-46F2-B0FC-5DCFA9BB712C}.Debug|Any CPU.Build.0 = Debug|Any CPU
		{1D025848-ADF7-46F2-B0FC-5DCFA9BB712C}.Release|Any CPU.ActiveCfg = Release|Any CPU
		{1D025848-ADF7-46F2-B0FC-5DCFA9BB712C}.Release|Any CPU.Build.0 = Release|Any CPU
	EndGlobalSection
	GlobalSection(SolutionProperties) = preSolution
		HideSolutionNode = FALSE
	EndGlobalSection
	GlobalSection(ExtensibilityGlobals) = postSolution
		SolutionGuid = {2928274E-4C4C-4481-8059-02760B4951DF}
	EndGlobalSection
EndGlobal
