
Microsoft Visual Studio Solution File, Format Version 12.00
# Visual Studio Version 17
VisualStudioVersion = 17.5.33516.290
MinimumVisualStudioVersion = 10.0.40219.1
Project("{FAE04EC0-301F-11D3-BF4B-00C04F79EFBC}") = "chalenge1", "chalenge1\chalenge1.csproj", "{19C31948-03FB-4D34-8AFB-664D8F9047E5}"
EndProject
Global
	GlobalSection(SolutionConfigurationPlatforms) = preSolution
		Debug|Any CPU = Debug|Any CPU
		Release|Any CPU = Release|Any CPU
	EndGlobalSection
	GlobalSection(ProjectConfigurationPlatforms) = postSolution
		{19C31948-03FB-4D34-8AFB-664D8F9047E5}.Debug|Any CPU.ActiveCfg = Debug|Any CPU
		{19C31948-03FB-4D34-8AFB-664D8F9047E5}.Debug|Any CPU.Build.0 = Debug|Any CPU
		{19C31948-03FB-4D34-8AFB-664D8F9047E5}.Release|Any CPU.ActiveCfg = Release|Any CPU
		{19C31948-03FB-4D34-8AFB-664D8F9047E5}.Release|Any CPU.Build.0 = Release|Any CPU
	EndGlobalSection
	GlobalSection(SolutionProperties) = preSolution
		HideSolutionNode = FALSE
	EndGlobalSection
	GlobalSection(ExtensibilityGlobals) = postSolution
		SolutionGuid = {364BFD15-7E7F-4C55-BC37-B91853CAE0DF}
	EndGlobalSection
EndGlobal
