
Microsoft Visual Studio Solution File, Format Version 12.00
# Visual Studio Version 17
VisualStudioVersion = 17.5.33516.290
MinimumVisualStudioVersion = 10.0.40219.1
Project("{FAE04EC0-301F-11D3-BF4B-00C04F79EFBC}") = "Challenge1", "Challenge1\Challenge1.csproj", "{88727FAF-EDC2-47D0-90D0-0488EE58FD34}"
EndProject
Global
	GlobalSection(SolutionConfigurationPlatforms) = preSolution
		Debug|Any CPU = Debug|Any CPU
		Release|Any CPU = Release|Any CPU
	EndGlobalSection
	GlobalSection(ProjectConfigurationPlatforms) = postSolution
		{88727FAF-EDC2-47D0-90D0-0488EE58FD34}.Debug|Any CPU.ActiveCfg = Debug|Any CPU
		{88727FAF-EDC2-47D0-90D0-0488EE58FD34}.Debug|Any CPU.Build.0 = Debug|Any CPU
		{88727FAF-EDC2-47D0-90D0-0488EE58FD34}.Release|Any CPU.ActiveCfg = Release|Any CPU
		{88727FAF-EDC2-47D0-90D0-0488EE58FD34}.Release|Any CPU.Build.0 = Release|Any CPU
	EndGlobalSection
	GlobalSection(SolutionProperties) = preSolution
		HideSolutionNode = FALSE
	EndGlobalSection
	GlobalSection(ExtensibilityGlobals) = postSolution
		SolutionGuid = {F81D3DB7-68A5-4C3C-B0E5-3CBB54A8FB45}
	EndGlobalSection
EndGlobal
