
Microsoft Visual Studio Solution File, Format Version 12.00
# Visual Studio Version 17
VisualStudioVersion = 17.5.33516.290
MinimumVisualStudioVersion = 10.0.40219.1
Project("{FAE04EC0-301F-11D3-BF4B-00C04F79EFBC}") = "string3", "string3\string3.csproj", "{FC267807-5B64-4268-BCD3-7A5FFD897797}"
EndProject
Global
	GlobalSection(SolutionConfigurationPlatforms) = preSolution
		Debug|Any CPU = Debug|Any CPU
		Release|Any CPU = Release|Any CPU
	EndGlobalSection
	GlobalSection(ProjectConfigurationPlatforms) = postSolution
		{FC267807-5B64-4268-BCD3-7A5FFD897797}.Debug|Any CPU.ActiveCfg = Debug|Any CPU
		{FC267807-5B64-4268-BCD3-7A5FFD897797}.Debug|Any CPU.Build.0 = Debug|Any CPU
		{FC267807-5B64-4268-BCD3-7A5FFD897797}.Release|Any CPU.ActiveCfg = Release|Any CPU
		{FC267807-5B64-4268-BCD3-7A5FFD897797}.Release|Any CPU.Build.0 = Release|Any CPU
	EndGlobalSection
	GlobalSection(SolutionProperties) = preSolution
		HideSolutionNode = FALSE
	EndGlobalSection
	GlobalSection(ExtensibilityGlobals) = postSolution
		SolutionGuid = {95569ACD-024F-43F0-B290-9B36AC455329}
	EndGlobalSection
EndGlobal
