
Microsoft Visual Studio Solution File, Format Version 12.00
# Visual Studio Version 17
VisualStudioVersion = 17.5.33516.290
MinimumVisualStudioVersion = 10.0.40219.1
Project("{FAE04EC0-301F-11D3-BF4B-00C04F79EFBC}") = "pyramidSum", "pyramidSum\pyramidSum.csproj", "{2296E0CD-3785-473A-A69A-204AAB4FB684}"
EndProject
Global
	GlobalSection(SolutionConfigurationPlatforms) = preSolution
		Debug|Any CPU = Debug|Any CPU
		Release|Any CPU = Release|Any CPU
	EndGlobalSection
	GlobalSection(ProjectConfigurationPlatforms) = postSolution
		{2296E0CD-3785-473A-A69A-204AAB4FB684}.Debug|Any CPU.ActiveCfg = Debug|Any CPU
		{2296E0CD-3785-473A-A69A-204AAB4FB684}.Debug|Any CPU.Build.0 = Debug|Any CPU
		{2296E0CD-3785-473A-A69A-204AAB4FB684}.Release|Any CPU.ActiveCfg = Release|Any CPU
		{2296E0CD-3785-473A-A69A-204AAB4FB684}.Release|Any CPU.Build.0 = Release|Any CPU
	EndGlobalSection
	GlobalSection(SolutionProperties) = preSolution
		HideSolutionNode = FALSE
	EndGlobalSection
	GlobalSection(ExtensibilityGlobals) = postSolution
		SolutionGuid = {510601AD-D995-405C-B3BD-70FB9F4409C8}
	EndGlobalSection
EndGlobal
